{
  "name": "static",
  "version": "1.0.0",
  "lockfileVersion": 1,
  "requires": true,
  "dependencies": {
    "bootstrap": {
      "version": "5.0.0-alpha2",
      "resolved": "https://registry.npmjs.org/bootstrap/-/bootstrap-5.0.0-alpha2.tgz",
      "integrity": "sha512-ZhW32+m5ImJoEkDKn43QQk2KovpJFisV/7TAg/RCzDi+B8m7FUgLHWx1Auu0Jt3/DQXDYwp6iwsprP3ej4u3ng=="
    },
    "bootstrap-icons": {
      "version": "1.0.0",
      "resolved": "https://registry.npmjs.org/bootstrap-icons/-/bootstrap-icons-1.0.0.tgz",
      "integrity": "sha512-PaQm3VtSqbUnWuyqGmFJG5iF9UMieDuk8raPOmKOtKeyWyiVshgLoKa+9EWGolGU/nvyBLEBWhZoQqhu9ccNBg=="
    },
    "bootstrap-select": {
      "version": "1.13.18",
      "resolved": "https://registry.npmjs.org/bootstrap-select/-/bootstrap-select-1.13.18.tgz",
      "integrity": "sha512-V1IzK4rxBq5FrJtkzSH6RmFLFBsjx50byFbfAf8jYyXROWs7ZpprGjdHeoyq2HSsHyjJhMMwjsQhRoYAfxCGow=="
    },
    "datatables.net": {
      "version": "1.10.22",
      "resolved": "https://registry.npmjs.org/datatables.net/-/datatables.net-1.10.22.tgz",
      "integrity": "sha512-ujn8GvkQIBYzYH54XY7OrI0Zb35TKRd9ABYfbnXgBfwTGIFT6UsmXrfHU5Yk+MSDoF0sDu2TB+31V6c+zUZ0Pw==",
      "requires": {
        "jquery": ">=1.7"
      }
    },
    "datatables.net-dt": {
      "version": "1.10.22",
      "resolved": "https://registry.npmjs.org/datatables.net-dt/-/datatables.net-dt-1.10.22.tgz",
      "integrity": "sha512-JYqE8noge7YGOydsiyLsWtPUofOHFEMCeOwS47kpykWqDJyU6GE2E3JaEeDq6hokg39UQKDNIRFnsM7GhA/BGw==",
      "requires": {
        "datatables.net": "1.10.22",
        "jquery": ">=1.7"
      }
    },
    "datatables.net-plugins": {
      "version": "1.10.20",
      "resolved": "https://registry.npmjs.org/datatables.net-plugins/-/datatables.net-plugins-1.10.20.tgz",
      "integrity": "sha512-rnhNmRHe9UEzvM7gtjBay1QodkWUmxLUhHNbmJMYhhUggjtm+BRSlE0PRilkeUkwckpNWzq+0fPd7/i0fpQgzA=="
    },
    "jquery": {
      "version": "3.5.1",
      "resolved": "https://registry.npmjs.org/jquery/-/jquery-3.5.1.tgz",
      "integrity": "sha512-XwIBPqcMn57FxfT+Go5pzySnm4KWkT1Tv7gjrpT1srtf8Weynl6R273VJ5GjkRb51IzMp5nbaPjJXMWeju2MKg=="
    },
    "pdfjs-dist": {
      "version": "2.5.207",
      "resolved": "https://registry.npmjs.org/pdfjs-dist/-/pdfjs-dist-2.5.207.tgz",
      "integrity": "sha512-xGDUhnCYPfHy+unMXCLCJtlpZaaZ17Ew3WIL0tnSgKFUZXHAPD49GO9xScyszSsQMoutNDgRb+rfBXIaX/lJbw=="
    }
  }
}
